// !$*UTF8*$!
{
	archiveVersion = 1;
	classes = {
	};
	objectVersion = 46;
	objects = {

/* Begin PBXBuildFile section */
		6E0B39381EF8402C00BD1EEF /* MainViewController+MapViewDelegate.swift in Sources */ = {isa = PBXBuildFile; fileRef = 6E0B39371EF8402C00BD1EEF /* MainViewController+MapViewDelegate.swift */; };
		6E0B393A1EF8407E00BD1EEF /* PhotosViewController+CollectionViewDataSource.swift in Sources */ = {isa = PBXBuildFile; fileRef = 6E0B39391EF8407E00BD1EEF /* PhotosViewController+CollectionViewDataSource.swift */; };
		6E0B393D1EF8417C00BD1EEF /* CollectionViewCell.swift in Sources */ = {isa = PBXBuildFile; fileRef = 6E0B393B1EF8417C00BD1EEF /* CollectionViewCell.swift */; };
		6E0B393E1EF8417C00BD1EEF /* CollectionViewCell.xib in Resources */ = {isa = PBXBuildFile; fileRef = 6E0B393C1EF8417C00BD1EEF /* CollectionViewCell.xib */; };
		6E1A37A41EF8A87E00CF473F /* EditingModeDescriptionView.xib in Resources */ = {isa = PBXBuildFile; fileRef = 6E1A37A31EF8A87E00CF473F /* EditingModeDescriptionView.xib */; };
		6E1A37A61EF8B30600CF473F /* MainViewController+CustomViewPresenter.swift in Sources */ = {isa = PBXBuildFile; fileRef = 6E1A37A51EF8B30600CF473F /* MainViewController+CustomViewPresenter.swift */; };
		6E1A37A81EF8B69F00CF473F /* MainViewController+CoreData.swift in Sources */ = {isa = PBXBuildFile; fileRef = 6E1A37A71EF8B69F00CF473F /* MainViewController+CoreData.swift */; };
		6E31C49E1EF7EC6900D07327 /* AppDelegate.swift in Sources */ = {isa = PBXBuildFile; fileRef = 6E31C49D1EF7EC6900D07327 /* AppDelegate.swift */; };
		6E31C4A01EF7EC6900D07327 /* ViewController.swift in Sources */ = {isa = PBXBuildFile; fileRef = 6E31C49F1EF7EC6900D07327 /* ViewController.swift */; };
		6E31C4A31EF7EC6900D07327 /* Main.storyboard in Resources */ = {isa = PBXBuildFile; fileRef = 6E31C4A11EF7EC6900D07327 /* Main.storyboard */; };
		6E31C4A61EF7EC6900D07327 /* Virtual_Tourist.xcdatamodeld in Sources */ = {isa = PBXBuildFile; fileRef = 6E31C4A41EF7EC6900D07327 /* Virtual_Tourist.xcdatamodeld */; };
		6E31C4A81EF7EC6900D07327 /* Assets.xcassets in Resources */ = {isa = PBXBuildFile; fileRef = 6E31C4A71EF7EC6900D07327 /* Assets.xcassets */; };
		6E31C4AB1EF7EC6900D07327 /* LaunchScreen.storyboard in Resources */ = {isa = PBXBuildFile; fileRef = 6E31C4A91EF7EC6900D07327 /* LaunchScreen.storyboard */; };
		6E31C4B61EF7EC6900D07327 /* Virtual_TouristTests.swift in Sources */ = {isa = PBXBuildFile; fileRef = 6E31C4B51EF7EC6900D07327 /* Virtual_TouristTests.swift */; };
		6E31C4C11EF7EC6900D07327 /* Virtual_TouristUITests.swift in Sources */ = {isa = PBXBuildFile; fileRef = 6E31C4C01EF7EC6900D07327 /* Virtual_TouristUITests.swift */; };
		6E31C4D81EF7F1A500D07327 /* MainViewController.swift in Sources */ = {isa = PBXBuildFile; fileRef = 6E31C4D71EF7F1A500D07327 /* MainViewController.swift */; };
		6E31C4DA1EF7F79C00D07327 /* KeyboardController.swift in Sources */ = {isa = PBXBuildFile; fileRef = 6E31C4D91EF7F79C00D07327 /* KeyboardController.swift */; };
		6E31C4DC1EF7FA1400D07327 /* UIStateController.swift in Sources */ = {isa = PBXBuildFile; fileRef = 6E31C4DB1EF7FA1400D07327 /* UIStateController.swift */; };
		6E31C4DE1EF7FAC900D07327 /* AlertViewController.swift in Sources */ = {isa = PBXBuildFile; fileRef = 6E31C4DD1EF7FAC900D07327 /* AlertViewController.swift */; };
		6E31C4E01EF7FAEA00D07327 /* ThreadController.swift in Sources */ = {isa = PBXBuildFile; fileRef = 6E31C4DF1EF7FAEA00D07327 /* ThreadController.swift */; };
		6E31C4E21EF7FBD600D07327 /* NetworkController.swift in Sources */ = {isa = PBXBuildFile; fileRef = 6E31C4E11EF7FBD600D07327 /* NetworkController.swift */; };
		6E31C4E51EF8001100D07327 /* PhotosViewController.swift in Sources */ = {isa = PBXBuildFile; fileRef = 6E31C4E41EF8001100D07327 /* PhotosViewController.swift */; };
		6E31C4E91EF81C9200D07327 /* AnnotationDetailView.swift in Sources */ = {isa = PBXBuildFile; fileRef = 6E31C4E81EF81C9200D07327 /* AnnotationDetailView.swift */; };
		6E31C4EB1EF81CAC00D07327 /* AnnotationDetailView.xib in Resources */ = {isa = PBXBuildFile; fileRef = 6E31C4EA1EF81CAC00D07327 /* AnnotationDetailView.xib */; };
		6E31C4ED1EF8334800D07327 /* FlickrClient.swift in Sources */ = {isa = PBXBuildFile; fileRef = 6E31C4EC1EF8334800D07327 /* FlickrClient.swift */; };
		6E31C4EF1EF833B700D07327 /* FlickrImage.swift in Sources */ = {isa = PBXBuildFile; fileRef = 6E31C4EE1EF833B700D07327 /* FlickrImage.swift */; };
		6E6C11A91EF9056C00516A94 /* CoreDataStack.swift in Sources */ = {isa = PBXBuildFile; fileRef = 6E6C11A81EF9056C00516A94 /* CoreDataStack.swift */; };
		6E6C11B71EF9081E00516A94 /* Photo+CoreDataClass.swift in Sources */ = {isa = PBXBuildFile; fileRef = 6E6C11B31EF9081E00516A94 /* Photo+CoreDataClass.swift */; };
		6E6C11B81EF9081E00516A94 /* Photo+CoreDataProperties.swift in Sources */ = {isa = PBXBuildFile; fileRef = 6E6C11B41EF9081E00516A94 /* Photo+CoreDataProperties.swift */; };
		6E6C11B91EF9081E00516A94 /* AnnotationPoint+CoreDataClass.swift in Sources */ = {isa = PBXBuildFile; fileRef = 6E6C11B51EF9081E00516A94 /* AnnotationPoint+CoreDataClass.swift */; };
		6E6C11BA1EF9081E00516A94 /* AnnotationPoint+CoreDataProperties.swift in Sources */ = {isa = PBXBuildFile; fileRef = 6E6C11B61EF9081E00516A94 /* AnnotationPoint+CoreDataProperties.swift */; };
/* End PBXBuildFile section */

/* Begin PBXContainerItemProxy section */
		6E31C4B21EF7EC6900D07327 /* PBXContainerItemProxy */ = {
			isa = PBXContainerItemProxy;
			containerPortal = 6E31C4921EF7EC6900D07327 /* Project object */;
			proxyType = 1;
			remoteGlobalIDString = 6E31C4991EF7EC6900D07327;
			remoteInfo = "Virtual-Tourist";
		};
		6E31C4BD1EF7EC6900D07327 /* PBXContainerItemProxy */ = {
			isa = PBXContainerItemProxy;
			containerPortal = 6E31C4921EF7EC6900D07327 /* Project object */;
			proxyType = 1;
			remoteGlobalIDString = 6E31C4991EF7EC6900D07327;
			remoteInfo = "Virtual-Tourist";
		};
/* End PBXContainerItemProxy section */

/* Begin PBXFileReference section */
		6E0B39371EF8402C00BD1EEF /* MainViewController+MapViewDelegate.swift */ = {isa = PBXFileReference; fileEncoding = 4; lastKnownFileType = sourcecode.swift; path = "MainViewController+MapViewDelegate.swift"; sourceTree = "<group>"; };
		6E0B39391EF8407E00BD1EEF /* PhotosViewController+CollectionViewDataSource.swift */ = {isa = PBXFileReference; fileEncoding = 4; lastKnownFileType = sourcecode.swift; path = "PhotosViewController+CollectionViewDataSource.swift"; sourceTree = "<group>"; };
		6E0B393B1EF8417C00BD1EEF /* CollectionViewCell.swift */ = {isa = PBXFileReference; fileEncoding = 4; lastKnownFileType = sourcecode.swift; path = CollectionViewCell.swift; sourceTree = "<group>"; };
		6E0B393C1EF8417C00BD1EEF /* CollectionViewCell.xib */ = {isa = PBXFileReference; fileEncoding = 4; lastKnownFileType = file.xib; path = CollectionViewCell.xib; sourceTree = "<group>"; };
		6E1A37A31EF8A87E00CF473F /* EditingModeDescriptionView.xib */ = {isa = PBXFileReference; fileEncoding = 4; lastKnownFileType = file.xib; path = EditingModeDescriptionView.xib; sourceTree = "<group>"; };
		6E1A37A51EF8B30600CF473F /* MainViewController+CustomViewPresenter.swift */ = {isa = PBXFileReference; fileEncoding = 4; lastKnownFileType = sourcecode.swift; path = "MainViewController+CustomViewPresenter.swift"; sourceTree = "<group>"; };
		6E1A37A71EF8B69F00CF473F /* MainViewController+CoreData.swift */ = {isa = PBXFileReference; fileEncoding = 4; lastKnownFileType = sourcecode.swift; path = "MainViewController+CoreData.swift"; sourceTree = "<group>"; };
		6E31C49A1EF7EC6900D07327 /* Virtual-Tourist.app */ = {isa = PBXFileReference; explicitFileType = wrapper.application; includeInIndex = 0; path = "Virtual-Tourist.app"; sourceTree = BUILT_PRODUCTS_DIR; };
		6E31C49D1EF7EC6900D07327 /* AppDelegate.swift */ = {isa = PBXFileReference; lastKnownFileType = sourcecode.swift; path = AppDelegate.swift; sourceTree = "<group>"; };
		6E31C49F1EF7EC6900D07327 /* ViewController.swift */ = {isa = PBXFileReference; lastKnownFileType = sourcecode.swift; path = ViewController.swift; sourceTree = "<group>"; };
		6E31C4A21EF7EC6900D07327 /* Base */ = {isa = PBXFileReference; lastKnownFileType = file.storyboard; name = Base; path = Base.lproj/Main.storyboard; sourceTree = "<group>"; };
		6E31C4A51EF7EC6900D07327 /* Virtual_Tourist.xcdatamodel */ = {isa = PBXFileReference; lastKnownFileType = wrapper.xcdatamodel; path = Virtual_Tourist.xcdatamodel; sourceTree = "<group>"; };
		6E31C4A71EF7EC6900D07327 /* Assets.xcassets */ = {isa = PBXFileReference; lastKnownFileType = folder.assetcatalog; path = Assets.xcassets; sourceTree = "<group>"; };
		6E31C4AA1EF7EC6900D07327 /* Base */ = {isa = PBXFileReference; lastKnownFileType = file.storyboard; name = Base; path = Base.lproj/LaunchScreen.storyboard; sourceTree = "<group>"; };
		6E31C4AC1EF7EC6900D07327 /* Info.plist */ = {isa = PBXFileReference; lastKnownFileType = text.plist.xml; path = Info.plist; sourceTree = "<group>"; };
		6E31C4B11EF7EC6900D07327 /* Virtual-TouristTests.xctest */ = {isa = PBXFileReference; explicitFileType = wrapper.cfbundle; includeInIndex = 0; path = "Virtual-TouristTests.xctest"; sourceTree = BUILT_PRODUCTS_DIR; };
		6E31C4B51EF7EC6900D07327 /* Virtual_TouristTests.swift */ = {isa = PBXFileReference; lastKnownFileType = sourcecode.swift; path = Virtual_TouristTests.swift; sourceTree = "<group>"; };
		6E31C4B71EF7EC6900D07327 /* Info.plist */ = {isa = PBXFileReference; lastKnownFileType = text.plist.xml; path = Info.plist; sourceTree = "<group>"; };
		6E31C4BC1EF7EC6900D07327 /* Virtual-TouristUITests.xctest */ = {isa = PBXFileReference; explicitFileType = wrapper.cfbundle; includeInIndex = 0; path = "Virtual-TouristUITests.xctest"; sourceTree = BUILT_PRODUCTS_DIR; };
		6E31C4C01EF7EC6900D07327 /* Virtual_TouristUITests.swift */ = {isa = PBXFileReference; lastKnownFileType = sourcecode.swift; path = Virtual_TouristUITests.swift; sourceTree = "<group>"; };
		6E31C4C21EF7EC6900D07327 /* Info.plist */ = {isa = PBXFileReference; lastKnownFileType = text.plist.xml; path = Info.plist; sourceTree = "<group>"; };
		6E31C4D71EF7F1A500D07327 /* MainViewController.swift */ = {isa = PBXFileReference; fileEncoding = 4; lastKnownFileType = sourcecode.swift; path = MainViewController.swift; sourceTree = "<group>"; };
		6E31C4D91EF7F79C00D07327 /* KeyboardController.swift */ = {isa = PBXFileReference; fileEncoding = 4; lastKnownFileType = sourcecode.swift; path = KeyboardController.swift; sourceTree = "<group>"; };
		6E31C4DB1EF7FA1400D07327 /* UIStateController.swift */ = {isa = PBXFileReference; fileEncoding = 4; lastKnownFileType = sourcecode.swift; path = UIStateController.swift; sourceTree = "<group>"; };
		6E31C4DD1EF7FAC900D07327 /* AlertViewController.swift */ = {isa = PBXFileReference; fileEncoding = 4; lastKnownFileType = sourcecode.swift; path = AlertViewController.swift; sourceTree = "<group>"; };
		6E31C4DF1EF7FAEA00D07327 /* ThreadController.swift */ = {isa = PBXFileReference; fileEncoding = 4; lastKnownFileType = sourcecode.swift; path = ThreadController.swift; sourceTree = "<group>"; };
		6E31C4E11EF7FBD600D07327 /* NetworkController.swift */ = {isa = PBXFileReference; fileEncoding = 4; lastKnownFileType = sourcecode.swift; path = NetworkController.swift; sourceTree = "<group>"; };
		6E31C4E41EF8001100D07327 /* PhotosViewController.swift */ = {isa = PBXFileReference; fileEncoding = 4; lastKnownFileType = sourcecode.swift; path = PhotosViewController.swift; sourceTree = "<group>"; };
		6E31C4E81EF81C9200D07327 /* AnnotationDetailView.swift */ = {isa = PBXFileReference; fileEncoding = 4; lastKnownFileType = sourcecode.swift; path = AnnotationDetailView.swift; sourceTree = "<group>"; };
		6E31C4EA1EF81CAC00D07327 /* AnnotationDetailView.xib */ = {isa = PBXFileReference; fileEncoding = 4; lastKnownFileType = file.xib; path = AnnotationDetailView.xib; sourceTree = "<group>"; };
		6E31C4EC1EF8334800D07327 /* FlickrClient.swift */ = {isa = PBXFileReference; fileEncoding = 4; lastKnownFileType = sourcecode.swift; path = FlickrClient.swift; sourceTree = "<group>"; };
		6E31C4EE1EF833B700D07327 /* FlickrImage.swift */ = {isa = PBXFileReference; fileEncoding = 4; lastKnownFileType = sourcecode.swift; path = FlickrImage.swift; sourceTree = "<group>"; };
		6E6C11A81EF9056C00516A94 /* CoreDataStack.swift */ = {isa = PBXFileReference; fileEncoding = 4; lastKnownFileType = sourcecode.swift; path = CoreDataStack.swift; sourceTree = "<group>"; };
		6E6C11B31EF9081E00516A94 /* Photo+CoreDataClass.swift */ = {isa = PBXFileReference; fileEncoding = 4; lastKnownFileType = sourcecode.swift; path = "Photo+CoreDataClass.swift"; sourceTree = "<group>"; };
		6E6C11B41EF9081E00516A94 /* Photo+CoreDataProperties.swift */ = {isa = PBXFileReference; fileEncoding = 4; lastKnownFileType = sourcecode.swift; path = "Photo+CoreDataProperties.swift"; sourceTree = "<group>"; };
		6E6C11B51EF9081E00516A94 /* AnnotationPoint+CoreDataClass.swift */ = {isa = PBXFileReference; fileEncoding = 4; lastKnownFileType = sourcecode.swift; path = "AnnotationPoint+CoreDataClass.swift"; sourceTree = "<group>"; };
		6E6C11B61EF9081E00516A94 /* AnnotationPoint+CoreDataProperties.swift */ = {isa = PBXFileReference; fileEncoding = 4; lastKnownFileType = sourcecode.swift; path = "AnnotationPoint+CoreDataProperties.swift"; sourceTree = "<group>"; };
/* End PBXFileReference section */

/* Begin PBXFrameworksBuildPhase section */
		6E31C4971EF7EC6900D07327 /* Frameworks */ = {
			isa = PBXFrameworksBuildPhase;
			buildActionMask = 2147483647;
			files = (
			);
			runOnlyForDeploymentPostprocessing = 0;
		};
		6E31C4AE1EF7EC6900D07327 /* Frameworks */ = {
			isa = PBXFrameworksBuildPhase;
			buildActionMask = 2147483647;
			files = (
			);
			runOnlyForDeploymentPostprocessing = 0;
		};
		6E31C4B91EF7EC6900D07327 /* Frameworks */ = {
			isa = PBXFrameworksBuildPhase;
			buildActionMask = 2147483647;
			files = (
			);
			runOnlyForDeploymentPostprocessing = 0;
		};
/* End PBXFrameworksBuildPhase section */

/* Begin PBXGroup section */
		6E31C4911EF7EC6900D07327 = {
			isa = PBXGroup;
			children = (
				6E31C49C1EF7EC6900D07327 /* Virtual-Tourist */,
				6E31C4B41EF7EC6900D07327 /* Virtual-TouristTests */,
				6E31C4BF1EF7EC6900D07327 /* Virtual-TouristUITests */,
				6E31C49B1EF7EC6900D07327 /* Products */,
			);
			sourceTree = "<group>";
		};
		6E31C49B1EF7EC6900D07327 /* Products */ = {
			isa = PBXGroup;
			children = (
				6E31C49A1EF7EC6900D07327 /* Virtual-Tourist.app */,
				6E31C4B11EF7EC6900D07327 /* Virtual-TouristTests.xctest */,
				6E31C4BC1EF7EC6900D07327 /* Virtual-TouristUITests.xctest */,
			);
			name = Products;
			sourceTree = "<group>";
		};
		6E31C49C1EF7EC6900D07327 /* Virtual-Tourist */ = {
			isa = PBXGroup;
			children = (
				6E31C49D1EF7EC6900D07327 /* AppDelegate.swift */,
				6E31C49F1EF7EC6900D07327 /* ViewController.swift */,
				6E31C4E11EF7FBD600D07327 /* NetworkController.swift */,
				6E31C4DB1EF7FA1400D07327 /* UIStateController.swift */,
				6E31C4DD1EF7FAC900D07327 /* AlertViewController.swift */,
				6E31C4DF1EF7FAEA00D07327 /* ThreadController.swift */,
				6E31C4D91EF7F79C00D07327 /* KeyboardController.swift */,
				6E31C4EC1EF8334800D07327 /* FlickrClient.swift */,
				6E31C4EE1EF833B700D07327 /* FlickrImage.swift */,
				6E6C11AA1EF9057100516A94 /* Model */,
				6E31C4E31EF7FC4400D07327 /* View Controller */,
				6E31C4A11EF7EC6900D07327 /* Main.storyboard */,
				6E31C4EA1EF81CAC00D07327 /* AnnotationDetailView.xib */,
				6E1A37A31EF8A87E00CF473F /* EditingModeDescriptionView.xib */,
				6E0B393C1EF8417C00BD1EEF /* CollectionViewCell.xib */,
				6E31C4A71EF7EC6900D07327 /* Assets.xcassets */,
				6E31C4A91EF7EC6900D07327 /* LaunchScreen.storyboard */,
				6E31C4AC1EF7EC6900D07327 /* Info.plist */,
				6E31C4A41EF7EC6900D07327 /* Virtual_Tourist.xcdatamodeld */,
			);
			path = "Virtual-Tourist";
			sourceTree = "<group>";
		};
		6E31C4B41EF7EC6900D07327 /* Virtual-TouristTests */ = {
			isa = PBXGroup;
			children = (
				6E31C4B51EF7EC6900D07327 /* Virtual_TouristTests.swift */,
				6E31C4B71EF7EC6900D07327 /* Info.plist */,
			);
			path = "Virtual-TouristTests";
			sourceTree = "<group>";
		};
		6E31C4BF1EF7EC6900D07327 /* Virtual-TouristUITests */ = {
			isa = PBXGroup;
			children = (
				6E31C4C01EF7EC6900D07327 /* Virtual_TouristUITests.swift */,
				6E31C4C21EF7EC6900D07327 /* Info.plist */,
			);
			path = "Virtual-TouristUITests";
			sourceTree = "<group>";
		};
		6E31C4E31EF7FC4400D07327 /* View Controller */ = {
			isa = PBXGroup;
			children = (
				6E31C4D71EF7F1A500D07327 /* MainViewController.swift */,
				6E1A37A51EF8B30600CF473F /* MainViewController+CustomViewPresenter.swift */,
				6E0B39371EF8402C00BD1EEF /* MainViewController+MapViewDelegate.swift */,
				6E1A37A71EF8B69F00CF473F /* MainViewController+CoreData.swift */,
				6E31C4E81EF81C9200D07327 /* AnnotationDetailView.swift */,
				6E31C4E41EF8001100D07327 /* PhotosViewController.swift */,
				6E0B39391EF8407E00BD1EEF /* PhotosViewController+CollectionViewDataSource.swift */,
				6E0B393B1EF8417C00BD1EEF /* CollectionViewCell.swift */,
			);
			name = "View Controller";
			sourceTree = "<group>";
		};
		6E6C11AA1EF9057100516A94 /* Model */ = {
			isa = PBXGroup;
			children = (
				6E6C11A81EF9056C00516A94 /* CoreDataStack.swift */,
				6E6C11B31EF9081E00516A94 /* Photo+CoreDataClass.swift */,
				6E6C11B41EF9081E00516A94 /* Photo+CoreDataProperties.swift */,
				6E6C11B51EF9081E00516A94 /* AnnotationPoint+CoreDataClass.swift */,
				6E6C11B61EF9081E00516A94 /* AnnotationPoint+CoreDataProperties.swift */,
			);
			name = Model;
			sourceTree = "<group>";
		};
/* End PBXGroup section */

/* Begin PBXNativeTarget section */
		6E31C4991EF7EC6900D07327 /* Virtual-Tourist */ = {
			isa = PBXNativeTarget;
			buildConfigurationList = 6E31C4C51EF7EC6900D07327 /* Build configuration list for PBXNativeTarget "Virtual-Tourist" */;
			buildPhases = (
				6E31C4961EF7EC6900D07327 /* Sources */,
				6E31C4971EF7EC6900D07327 /* Frameworks */,
				6E31C4981EF7EC6900D07327 /* Resources */,
			);
			buildRules = (
			);
			dependencies = (
			);
			name = "Virtual-Tourist";
			productName = "Virtual-Tourist";
			productReference = 6E31C49A1EF7EC6900D07327 /* Virtual-Tourist.app */;
			productType = "com.apple.product-type.application";
		};
		6E31C4B01EF7EC6900D07327 /* Virtual-TouristTests */ = {
			isa = PBXNativeTarget;
			buildConfigurationList = 6E31C4C81EF7EC6900D07327 /* Build configuration list for PBXNativeTarget "Virtual-TouristTests" */;
			buildPhases = (
				6E31C4AD1EF7EC6900D07327 /* Sources */,
				6E31C4AE1EF7EC6900D07327 /* Frameworks */,
				6E31C4AF1EF7EC6900D07327 /* Resources */,
			);
			buildRules = (
			);
			dependencies = (
				6E31C4B31EF7EC6900D07327 /* PBXTargetDependency */,
			);
			name = "Virtual-TouristTests";
			productName = "Virtual-TouristTests";
			productReference = 6E31C4B11EF7EC6900D07327 /* Virtual-TouristTests.xctest */;
			productType = "com.apple.product-type.bundle.unit-test";
		};
		6E31C4BB1EF7EC6900D07327 /* Virtual-TouristUITests */ = {
			isa = PBXNativeTarget;
			buildConfigurationList = 6E31C4CB1EF7EC6900D07327 /* Build configuration list for PBXNativeTarget "Virtual-TouristUITests" */;
			buildPhases = (
				6E31C4B81EF7EC6900D07327 /* Sources */,
				6E31C4B91EF7EC6900D07327 /* Frameworks */,
				6E31C4BA1EF7EC6900D07327 /* Resources */,
			);
			buildRules = (
			);
			dependencies = (
				6E31C4BE1EF7EC6900D07327 /* PBXTargetDependency */,
			);
			name = "Virtual-TouristUITests";
			productName = "Virtual-TouristUITests";
			productReference = 6E31C4BC1EF7EC6900D07327 /* Virtual-TouristUITests.xctest */;
			productType = "com.apple.product-type.bundle.ui-testing";
		};
/* End PBXNativeTarget section */

/* Begin PBXProject section */
		6E31C4921EF7EC6900D07327 /* Project object */ = {
			isa = PBXProject;
			attributes = {
				LastSwiftUpdateCheck = 0830;
				LastUpgradeCheck = 0830;
				ORGANIZATIONNAME = "Zulwiyoza Putra";
				TargetAttributes = {
					6E31C4991EF7EC6900D07327 = {
						CreatedOnToolsVersion = 8.3.3;
						DevelopmentTeam = 44VVQHZS45;
						ProvisioningStyle = Automatic;
					};
					6E31C4B01EF7EC6900D07327 = {
						CreatedOnToolsVersion = 8.3.3;
						DevelopmentTeam = 44VVQHZS45;
						ProvisioningStyle = Automatic;
						TestTargetID = 6E31C4991EF7EC6900D07327;
					};
					6E31C4BB1EF7EC6900D07327 = {
						CreatedOnToolsVersion = 8.3.3;
						DevelopmentTeam = 44VVQHZS45;
						ProvisioningStyle = Automatic;
						TestTargetID = 6E31C4991EF7EC6900D07327;
					};
				};
			};
			buildConfigurationList = 6E31C4951EF7EC6900D07327 /* Build configuration list for PBXProject "Virtual-Tourist" */;
			compatibilityVersion = "Xcode 3.2";
			developmentRegion = English;
			hasScannedForEncodings = 0;
			knownRegions = (
				en,
				Base,
			);
			mainGroup = 6E31C4911EF7EC6900D07327;
			productRefGroup = 6E31C49B1EF7EC6900D07327 /* Products */;
			projectDirPath = "";
			projectRoot = "";
			targets = (
				6E31C4991EF7EC6900D07327 /* Virtual-Tourist */,
				6E31C4B01EF7EC6900D07327 /* Virtual-TouristTests */,
				6E31C4BB1EF7EC6900D07327 /* Virtual-TouristUITests */,
			);
		};
/* End PBXProject section */

/* Begin PBXResourcesBuildPhase section */
		6E31C4981EF7EC6900D07327 /* Resources */ = {
			isa = PBXResourcesBuildPhase;
			buildActionMask = 2147483647;
			files = (
				6E31C4AB1EF7EC6900D07327 /* LaunchScreen.storyboard in Resources */,
				6E31C4A81EF7EC6900D07327 /* Assets.xcassets in Resources */,
				6E31C4EB1EF81CAC00D07327 /* AnnotationDetailView.xib in Resources */,
				6E1A37A41EF8A87E00CF473F /* EditingModeDescriptionView.xib in Resources */,
				6E31C4A31EF7EC6900D07327 /* Main.storyboard in Resources */,
				6E0B393E1EF8417C00BD1EEF /* CollectionViewCell.xib in Resources */,
			);
			runOnlyForDeploymentPostprocessing = 0;
		};
		6E31C4AF1EF7EC6900D07327 /* Resources */ = {
			isa = PBXResourcesBuildPhase;
			buildActionMask = 2147483647;
			files = (
			);
			runOnlyForDeploymentPostprocessing = 0;
		};
		6E31C4BA1EF7EC6900D07327 /* Resources */ = {
			isa = PBXResourcesBuildPhase;
			buildActionMask = 2147483647;
			files = (
			);
			runOnlyForDeploymentPostprocessing = 0;
		};
/* End PBXResourcesBuildPhase section */

/* Begin PBXSourcesBuildPhase section */
		6E31C4961EF7EC6900D07327 /* Sources */ = {
			isa = PBXSourcesBuildPhase;
			buildActionMask = 2147483647;
			files = (
				6E6C11B81EF9081E00516A94 /* Photo+CoreDataProperties.swift in Sources */,
				6E0B39381EF8402C00BD1EEF /* MainViewController+MapViewDelegate.swift in Sources */,
				6E31C4E21EF7FBD600D07327 /* NetworkController.swift in Sources */,
				6E31C4A01EF7EC6900D07327 /* ViewController.swift in Sources */,
				6E6C11BA1EF9081E00516A94 /* AnnotationPoint+CoreDataProperties.swift in Sources */,
				6E31C4E91EF81C9200D07327 /* AnnotationDetailView.swift in Sources */,
				6E31C4D81EF7F1A500D07327 /* MainViewController.swift in Sources */,
				6E31C4DE1EF7FAC900D07327 /* AlertViewController.swift in Sources */,
				6E31C4E01EF7FAEA00D07327 /* ThreadController.swift in Sources */,
				6E31C4E51EF8001100D07327 /* PhotosViewController.swift in Sources */,
				6E6C11B91EF9081E00516A94 /* AnnotationPoint+CoreDataClass.swift in Sources */,
				6E6C11A91EF9056C00516A94 /* CoreDataStack.swift in Sources */,
				6E1A37A81EF8B69F00CF473F /* MainViewController+CoreData.swift in Sources */,
				6E6C11B71EF9081E00516A94 /* Photo+CoreDataClass.swift in Sources */,
				6E31C4A61EF7EC6900D07327 /* Virtual_Tourist.xcdatamodeld in Sources */,
				6E31C4DC1EF7FA1400D07327 /* UIStateController.swift in Sources */,
				6E0B393D1EF8417C00BD1EEF /* CollectionViewCell.swift in Sources */,
				6E0B393A1EF8407E00BD1EEF /* PhotosViewController+CollectionViewDataSource.swift in Sources */,
				6E31C49E1EF7EC6900D07327 /* AppDelegate.swift in Sources */,
				6E31C4EF1EF833B700D07327 /* FlickrImage.swift in Sources */,
				6E31C4DA1EF7F79C00D07327 /* KeyboardController.swift in Sources */,
				6E1A37A61EF8B30600CF473F /* MainViewController+CustomViewPresenter.swift in Sources */,
				6E31C4ED1EF8334800D07327 /* FlickrClient.swift in Sources */,
			);
			runOnlyForDeploymentPostprocessing = 0;
		};
		6E31C4AD1EF7EC6900D07327 /* Sources */ = {
			isa = PBXSourcesBuildPhase;
			buildActionMask = 2147483647;
			files = (
				6E31C4B61EF7EC6900D07327 /* Virtual_TouristTests.swift in Sources */,
			);
			runOnlyForDeploymentPostprocessing = 0;
		};
		6E31C4B81EF7EC6900D07327 /* Sources */ = {
			isa = PBXSourcesBuildPhase;
			buildActionMask = 2147483647;
			files = (
				6E31C4C11EF7EC6900D07327 /* Virtual_TouristUITests.swift in Sources */,
			);
			runOnlyForDeploymentPostprocessing = 0;
		};
/* End PBXSourcesBuildPhase section */

/* Begin PBXTargetDependency section */
		6E31C4B31EF7EC6900D07327 /* PBXTargetDependency */ = {
			isa = PBXTargetDependency;
			target = 6E31C4991EF7EC6900D07327 /* Virtual-Tourist */;
			targetProxy = 6E31C4B21EF7EC6900D07327 /* PBXContainerItemProxy */;
		};
		6E31C4BE1EF7EC6900D07327 /* PBXTargetDependency */ = {
			isa = PBXTargetDependency;
			target = 6E31C4991EF7EC6900D07327 /* Virtual-Tourist */;
			targetProxy = 6E31C4BD1EF7EC6900D07327 /* PBXContainerItemProxy */;
		};
/* End PBXTargetDependency section */

/* Begin PBXVariantGroup section */
		6E31C4A11EF7EC6900D07327 /* Main.storyboard */ = {
			isa = PBXVariantGroup;
			children = (
				6E31C4A21EF7EC6900D07327 /* Base */,
			);
			name = Main.storyboard;
			sourceTree = "<group>";
		};
		6E31C4A91EF7EC6900D07327 /* LaunchScreen.storyboard */ = {
			isa = PBXVariantGroup;
			children = (
				6E31C4AA1EF7EC6900D07327 /* Base */,
			);
			name = LaunchScreen.storyboard;
			sourceTree = "<group>";
		};
/* End PBXVariantGroup section */

/* Begin XCBuildConfiguration section */
		6E31C4C31EF7EC6900D07327 /* Debug */ = {
			isa = XCBuildConfiguration;
			buildSettings = {
				ALWAYS_SEARCH_USER_PATHS = NO;
				CLANG_ANALYZER_NONNULL = YES;
				CLANG_ANALYZER_NUMBER_OBJECT_CONVERSION = YES_AGGRESSIVE;
				CLANG_CXX_LANGUAGE_STANDARD = "gnu++0x";
				CLANG_CXX_LIBRARY = "libc++";
				CLANG_ENABLE_MODULES = YES;
				CLANG_ENABLE_OBJC_ARC = YES;
				CLANG_WARN_BOOL_CONVERSION = YES;
				CLANG_WARN_CONSTANT_CONVERSION = YES;
				CLANG_WARN_DIRECT_OBJC_ISA_USAGE = YES_ERROR;
				CLANG_WARN_DOCUMENTATION_COMMENTS = YES;
				CLANG_WARN_EMPTY_BODY = YES;
				CLANG_WARN_ENUM_CONVERSION = YES;
				CLANG_WARN_INFINITE_RECURSION = YES;
				CLANG_WARN_INT_CONVERSION = YES;
				CLANG_WARN_OBJC_ROOT_CLASS = YES_ERROR;
				CLANG_WARN_SUSPICIOUS_MOVE = YES;
				CLANG_WARN_UNREACHABLE_CODE = YES;
				CLANG_WARN__DUPLICATE_METHOD_MATCH = YES;
				"CODE_SIGN_IDENTITY[sdk=iphoneos*]" = "iPhone Developer";
				COPY_PHASE_STRIP = NO;
				DEBUG_INFORMATION_FORMAT = dwarf;
				ENABLE_STRICT_OBJC_MSGSEND = YES;
				ENABLE_TESTABILITY = YES;
				GCC_C_LANGUAGE_STANDARD = gnu99;
				GCC_DYNAMIC_NO_PIC = NO;
				GCC_NO_COMMON_BLOCKS = YES;
				GCC_OPTIMIZATION_LEVEL = 0;
				GCC_PREPROCESSOR_DEFINITIONS = (
					"DEBUG=1",
					"$(inherited)",
				);
				GCC_WARN_64_TO_32_BIT_CONVERSION = YES;
				GCC_WARN_ABOUT_RETURN_TYPE = YES_ERROR;
				GCC_WARN_UNDECLARED_SELECTOR = YES;
				GCC_WARN_UNINITIALIZED_AUTOS = YES_AGGRESSIVE;
				GCC_WARN_UNUSED_FUNCTION = YES;
				GCC_WARN_UNUSED_VARIABLE = YES;
				IPHONEOS_DEPLOYMENT_TARGET = 10.3;
				MTL_ENABLE_DEBUG_INFO = YES;
				ONLY_ACTIVE_ARCH = YES;
				SDKROOT = iphoneos;
				SWIFT_ACTIVE_COMPILATION_CONDITIONS = DEBUG;
				SWIFT_OPTIMIZATION_LEVEL = "-Onone";
			};
			name = Debug;
		};
		6E31C4C41EF7EC6900D07327 /* Release */ = {
			isa = XCBuildConfiguration;
			buildSettings = {
				ALWAYS_SEARCH_USER_PATHS = NO;
				CLANG_ANALYZER_NONNULL = YES;
				CLANG_ANALYZER_NUMBER_OBJECT_CONVERSION = YES_AGGRESSIVE;
				CLANG_CXX_LANGUAGE_STANDARD = "gnu++0x";
				CLANG_CXX_LIBRARY = "libc++";
				CLANG_ENABLE_MODULES = YES;
				CLANG_ENABLE_OBJC_ARC = YES;
				CLANG_WARN_BOOL_CONVERSION = YES;
				CLANG_WARN_CONSTANT_CONVERSION = YES;
				CLANG_WARN_DIRECT_OBJC_ISA_USAGE = YES_ERROR;
				CLANG_WARN_DOCUMENTATION_COMMENTS = YES;
				CLANG_WARN_EMPTY_BODY = YES;
				CLANG_WARN_ENUM_CONVERSION = YES;
				CLANG_WARN_INFINITE_RECURSION = YES;
				CLANG_WARN_INT_CONVERSION = YES;
				CLANG_WARN_OBJC_ROOT_CLASS = YES_ERROR;
				CLANG_WARN_SUSPICIOUS_MOVE = YES;
				CLANG_WARN_UNREACHABLE_CODE = YES;
				CLANG_WARN__DUPLICATE_METHOD_MATCH = YES;
				"CODE_SIGN_IDENTITY[sdk=iphoneos*]" = "iPhone Developer";
				COPY_PHASE_STRIP = NO;
				DEBUG_INFORMATION_FORMAT = "dwarf-with-dsym";
				ENABLE_NS_ASSERTIONS = NO;
				ENABLE_STRICT_OBJC_MSGSEND = YES;
				GCC_C_LANGUAGE_STANDARD = gnu99;
				GCC_NO_COMMON_BLOCKS = YES;
				GCC_WARN_64_TO_32_BIT_CONVERSION = YES;
				GCC_WARN_ABOUT_RETURN_TYPE = YES_ERROR;
				GCC_WARN_UNDECLARED_SELECTOR = YES;
				GCC_WARN_UNINITIALIZED_AUTOS = YES_AGGRESSIVE;
				GCC_WARN_UNUSED_FUNCTION = YES;
				GCC_WARN_UNUSED_VARIABLE = YES;
				IPHONEOS_DEPLOYMENT_TARGET = 10.3;
				MTL_ENABLE_DEBUG_INFO = NO;
				SDKROOT = iphoneos;
				SWIFT_OPTIMIZATION_LEVEL = "-Owholemodule";
				VALIDATE_PRODUCT = YES;
			};
			name = Release;
		};
		6E31C4C61EF7EC6900D07327 /* Debug */ = {
			isa = XCBuildConfiguration;
			buildSettings = {
				ASSETCATALOG_COMPILER_APPICON_NAME = AppIcon;
				DEVELOPMENT_TEAM = 44VVQHZS45;
				INFOPLIST_FILE = "Virtual-Tourist/Info.plist";
				LD_RUNPATH_SEARCH_PATHS = "$(inherited) @executable_path/Frameworks";
				PRODUCT_BUNDLE_IDENTIFIER = "com.zulwiyozaputra.Virtual-Tourist";
				PRODUCT_NAME = "$(TARGET_NAME)";
				SWIFT_VERSION = 3.0;
			};
			name = Debug;
		};
		6E31C4C71EF7EC6900D07327 /* Release */ = {
			isa = XCBuildConfiguration;
			buildSettings = {
				ASSETCATALOG_COMPILER_APPICON_NAME = AppIcon;
				DEVELOPMENT_TEAM = 44VVQHZS45;
				INFOPLIST_FILE = "Virtual-Tourist/Info.plist";
				LD_RUNPATH_SEARCH_PATHS = "$(inherited) @executable_path/Frameworks";
				PRODUCT_BUNDLE_IDENTIFIER = "com.zulwiyozaputra.Virtual-Tourist";
				PRODUCT_NAME = "$(TARGET_NAME)";
				SWIFT_VERSION = 3.0;
			};
			name = Release;
		};
		6E31C4C91EF7EC6900D07327 /* Debug */ = {
			isa = XCBuildConfiguration;
			buildSettings = {
				ALWAYS_EMBED_SWIFT_STANDARD_LIBRARIES = YES;
				BUNDLE_LOADER = "$(TEST_HOST)";
				DEVELOPMENT_TEAM = 44VVQHZS45;
				INFOPLIST_FILE = "Virtual-TouristTests/Info.plist";
				LD_RUNPATH_SEARCH_PATHS = "$(inherited) @executable_path/Frameworks @loader_path/Frameworks";
				PRODUCT_BUNDLE_IDENTIFIER = "com.zulwiyozaputra.Virtual-TouristTests";
				PRODUCT_NAME = "$(TARGET_NAME)";
				SWIFT_VERSION = 3.0;
				TEST_HOST = "$(BUILT_PRODUCTS_DIR)/Virtual-Tourist.app/Virtual-Tourist";
			};
			name = Debug;
		};
		6E31C4CA1EF7EC6900D07327 /* Release */ = {
			isa = XCBuildConfiguration;
			buildSettings = {
				ALWAYS_EMBED_SWIFT_STANDARD_LIBRARIES = YES;
				BUNDLE_LOADER = "$(TEST_HOST)";
				DEVELOPMENT_TEAM = 44VVQHZS45;
				INFOPLIST_FILE = "Virtual-TouristTests/Info.plist";
				LD_RUNPATH_SEARCH_PATHS = "$(inherited) @executable_path/Frameworks @loader_path/Frameworks";
				PRODUCT_BUNDLE_IDENTIFIER = "com.zulwiyozaputra.Virtual-TouristTests";
				PRODUCT_NAME = "$(TARGET_NAME)";
				SWIFT_VERSION = 3.0;
				TEST_HOST = "$(BUILT_PRODUCTS_DIR)/Virtual-Tourist.app/Virtual-Tourist";
			};
			name = Release;
		};
		6E31C4CC1EF7EC6900D07327 /* Debug */ = {
			isa = XCBuildConfiguration;
			buildSettings = {
				ALWAYS_EMBED_SWIFT_STANDARD_LIBRARIES = YES;
				DEVELOPMENT_TEAM = 44VVQHZS45;
				INFOPLIST_FILE = "Virtual-TouristUITests/Info.plist";
				LD_RUNPATH_SEARCH_PATHS = "$(inherited) @executable_path/Frameworks @loader_path/Frameworks";
				PRODUCT_BUNDLE_IDENTIFIER = "com.zulwiyozaputra.Virtual-TouristUITests";
				PRODUCT_NAME = "$(TARGET_NAME)";
				SWIFT_VERSION = 3.0;
				TEST_TARGET_NAME = "Virtual-Tourist";
			};
			name = Debug;
		};
		6E31C4CD1EF7EC6900D07327 /* Release */ = {
			isa = XCBuildConfiguration;
			buildSettings = {
				ALWAYS_EMBED_SWIFT_STANDARD_LIBRARIES = YES;
				DEVELOPMENT_TEAM = 44VVQHZS45;
				INFOPLIST_FILE = "Virtual-TouristUITests/Info.plist";
				LD_RUNPATH_SEARCH_PATHS = "$(inherited) @executable_path/Frameworks @loader_path/Frameworks";
				PRODUCT_BUNDLE_IDENTIFIER = "com.zulwiyozaputra.Virtual-TouristUITests";
				PRODUCT_NAME = "$(TARGET_NAME)";
				SWIFT_VERSION = 3.0;
				TEST_TARGET_NAME = "Virtual-Tourist";
			};
			name = Release;
		};
/* End XCBuildConfiguration section */

/* Begin XCConfigurationList section */
		6E31C4951EF7EC6900D07327 /* Build configuration list for PBXProject "Virtual-Tourist" */ = {
			isa = XCConfigurationList;
			buildConfigurations = (
				6E31C4C31EF7EC6900D07327 /* Debug */,
				6E31C4C41EF7EC6900D07327 /* Release */,
			);
			defaultConfigurationIsVisible = 0;
			defaultConfigurationName = Release;
		};
		6E31C4C51EF7EC6900D07327 /* Build configuration list for PBXNativeTarget "Virtual-Tourist" */ = {
			isa = XCConfigurationList;
			buildConfigurations = (
				6E31C4C61EF7EC6900D07327 /* Debug */,
				6E31C4C71EF7EC6900D07327 /* Release */,
			);
			defaultConfigurationIsVisible = 0;
			defaultConfigurationName = Release;
		};
		6E31C4C81EF7EC6900D07327 /* Build configuration list for PBXNativeTarget "Virtual-TouristTests" */ = {
			isa = XCConfigurationList;
			buildConfigurations = (
				6E31C4C91EF7EC6900D07327 /* Debug */,
				6E31C4CA1EF7EC6900D07327 /* Release */,
			);
			defaultConfigurationIsVisible = 0;
			defaultConfigurationName = Release;
		};
		6E31C4CB1EF7EC6900D07327 /* Build configuration list for PBXNativeTarget "Virtual-TouristUITests" */ = {
			isa = XCConfigurationList;
			buildConfigurations = (
				6E31C4CC1EF7EC6900D07327 /* Debug */,
				6E31C4CD1EF7EC6900D07327 /* Release */,
			);
			defaultConfigurationIsVisible = 0;
			defaultConfigurationName = Release;
		};
/* End XCConfigurationList section */

/* Begin XCVersionGroup section */
		6E31C4A41EF7EC6900D07327 /* Virtual_Tourist.xcdatamodeld */ = {
			isa = XCVersionGroup;
			children = (
				6E31C4A51EF7EC6900D07327 /* Virtual_Tourist.xcdatamodel */,
			);
			currentVersion = 6E31C4A51EF7EC6900D07327 /* Virtual_Tourist.xcdatamodel */;
			path = Virtual_Tourist.xcdatamodeld;
			sourceTree = "<group>";
			versionGroupType = wrapper.xcdatamodel;
		};
/* End XCVersionGroup section */
	};
	rootObject = 6E31C4921EF7EC6900D07327 /* Project object */;
}
